
Microsoft Visual Studio Solution File, Format Version 12.00
# Visual Studio 14
VisualStudioVersion = 14.0.25420.1
MinimumVisualStudioVersion = 10.0.40219.1
Project("{FAE04EC0-301F-11D3-BF4B-00C04F79EFBC}") = "HotelManagementSystem.Domain", "HotelManagementSystem.Domain\HotelManagementSystem.Domain.csproj", "{997F3702-61EB-406A-BC70-BF5FCACD326F}"
EndProject
Project("{FAE04EC0-301F-11D3-BF4B-00C04F79EFBC}") = "HotelManagementSystem.Data", "HotelManagementSystem.Data\HotelManagementSystem.Data.csproj", "{068A1924-4D17-4060-B885-28E25931A4F3}"
EndProject
Project("{FAE04EC0-301F-11D3-BF4B-00C04F79EFBC}") = "Tests", "Tests\Tests.csproj", "{CC9858B2-BCAC-46F2-8B01-B7A0E48BCD24}"
EndProject
Project("{FAE04EC0-301F-11D3-BF4B-00C04F79EFBC}") = "SomeUI", "SomeUI\SomeUI.csproj", "{3DD0EE8C-24A8-40C5-A6CD-B87546E7FA60}"
EndProject
Global
	GlobalSection(SolutionConfigurationPlatforms) = preSolution
		Debug|Any CPU = Debug|Any CPU
		Release|Any CPU = Release|Any CPU
	EndGlobalSection
	GlobalSection(ProjectConfigurationPlatforms) = postSolution
		{997F3702-61EB-406A-BC70-BF5FCACD326F}.Debug|Any CPU.ActiveCfg = Debug|Any CPU
		{997F3702-61EB-406A-BC70-BF5FCACD326F}.Debug|Any CPU.Build.0 = Debug|Any CPU
		{997F3702-61EB-406A-BC70-BF5FCACD326F}.Release|Any CPU.ActiveCfg = Release|Any CPU
		{997F3702-61EB-406A-BC70-BF5FCACD326F}.Release|Any CPU.Build.0 = Release|Any CPU
		{068A1924-4D17-4060-B885-28E25931A4F3}.Debug|Any CPU.ActiveCfg = Debug|Any CPU
		{068A1924-4D17-4060-B885-28E25931A4F3}.Debug|Any CPU.Build.0 = Debug|Any CPU
		{068A1924-4D17-4060-B885-28E25931A4F3}.Release|Any CPU.ActiveCfg = Release|Any CPU
		{068A1924-4D17-4060-B885-28E25931A4F3}.Release|Any CPU.Build.0 = Release|Any CPU
		{CC9858B2-BCAC-46F2-8B01-B7A0E48BCD24}.Debug|Any CPU.ActiveCfg = Debug|Any CPU
		{CC9858B2-BCAC-46F2-8B01-B7A0E48BCD24}.Debug|Any CPU.Build.0 = Debug|Any CPU
		{CC9858B2-BCAC-46F2-8B01-B7A0E48BCD24}.Release|Any CPU.ActiveCfg = Release|Any CPU
		{CC9858B2-BCAC-46F2-8B01-B7A0E48BCD24}.Release|Any CPU.Build.0 = Release|Any CPU
		{3DD0EE8C-24A8-40C5-A6CD-B87546E7FA60}.Debug|Any CPU.ActiveCfg = Debug|Any CPU
		{3DD0EE8C-24A8-40C5-A6CD-B87546E7FA60}.Debug|Any CPU.Build.0 = Debug|Any CPU
		{3DD0EE8C-24A8-40C5-A6CD-B87546E7FA60}.Release|Any CPU.ActiveCfg = Release|Any CPU
		{3DD0EE8C-24A8-40C5-A6CD-B87546E7FA60}.Release|Any CPU.Build.0 = Release|Any CPU
	EndGlobalSection
	GlobalSection(SolutionProperties) = preSolution
		HideSolutionNode = FALSE
	EndGlobalSection
EndGlobal
